// !$*UTF8*$!
{
	archiveVersion = 1;
	classes = {
	};
	objectVersion = 46;
	objects = {

/* Begin PBXBuildFile section */
		39831BE01CD5FB7000185350 /* AppDelegate.swift in Sources */ = {isa = PBXBuildFile; fileRef = 39831BDF1CD5FB7000185350 /* AppDelegate.swift */; };
		39831BE21CD5FB7000185350 /* ViewController.swift in Sources */ = {isa = PBXBuildFile; fileRef = 39831BE11CD5FB7000185350 /* ViewController.swift */; };
		39831BE51CD5FB7000185350 /* Main.storyboard in Resources */ = {isa = PBXBuildFile; fileRef = 39831BE31CD5FB7000185350 /* Main.storyboard */; };
		39831BE71CD5FB7000185350 /* Assets.xcassets in Resources */ = {isa = PBXBuildFile; fileRef = 39831BE61CD5FB7000185350 /* Assets.xcassets */; };
		39831BEA1CD5FB7000185350 /* LaunchScreen.storyboard in Resources */ = {isa = PBXBuildFile; fileRef = 39831BE81CD5FB7000185350 /* LaunchScreen.storyboard */; };
/* End PBXBuildFile section */

/* Begin PBXFileReference section */
		39831BDC1CD5FB7000185350 /* PingConverter.app */ = {isa = PBXFileReference; explicitFileType = wrapper.application; includeInIndex = 0; path = PingConverter.app; sourceTree = BUILT_PRODUCTS_DIR; };
		39831BDF1CD5FB7000185350 /* AppDelegate.swift */ = {isa = PBXFileReference; lastKnownFileType = sourcecode.swift; path = AppDelegate.swift; sourceTree = "<group>"; };
		39831BE11CD5FB7000185350 /* ViewController.swift */ = {isa = PBXFileReference; lastKnownFileType = sourcecode.swift; path = ViewController.swift; sourceTree = "<group>"; };
		39831BE41CD5FB7000185350 /* Base */ = {isa = PBXFileReference; lastKnownFileType = file.storyboard; name = Base; path = Base.lproj/Main.storyboard; sourceTree = "<group>"; };
		39831BE61CD5FB7000185350 /* Assets.xcassets */ = {isa = PBXFileReference; lastKnownFileType = folder.assetcatalog; path = Assets.xcassets; sourceTree = "<group>"; };
		39831BE91CD5FB7000185350 /* Base */ = {isa = PBXFileReference; lastKnownFileType = file.storyboard; name = Base; path = Base.lproj/LaunchScreen.storyboard; sourceTree = "<group>"; };
		39831BEB1CD5FB7000185350 /* Info.plist */ = {isa = PBXFileReference; lastKnownFileType = text.plist.xml; path = Info.plist; sourceTree = "<group>"; };
/* End PBXFileReference section */

/* Begin PBXFrameworksBuildPhase section */
		39831BD91CD5FB7000185350 /* Frameworks */ = {
			isa = PBXFrameworksBuildPhase;
			buildActionMask = 2147483647;
			files = (
			);
			runOnlyForDeploymentPostprocessing = 0;
		};
/* End PBXFrameworksBuildPhase section */

/* Begin PBXGroup section */
		39831BD31CD5FB7000185350 = {
			isa = PBXGroup;
			children = (
				39831BDE1CD5FB7000185350 /* PingConverter */,
				39831BDD1CD5FB7000185350 /* Products */,
			);
			sourceTree = "<group>";
		};
		39831BDD1CD5FB7000185350 /* Products */ = {
			isa = PBXGroup;
			children = (
				39831BDC1CD5FB7000185350 /* PingConverter.app */,
			);
			name = Products;
			sourceTree = "<group>";
		};
		39831BDE1CD5FB7000185350 /* PingConverter */ = {
			isa = PBXGroup;
			children = (
				39831BDF1CD5FB7000185350 /* AppDelegate.swift */,
				39831BE11CD5FB7000185350 /* ViewController.swift */,
				39831BE31CD5FB7000185350 /* Main.storyboard */,
				39831BE61CD5FB7000185350 /* Assets.xcassets */,
				39831BE81CD5FB7000185350 /* LaunchScreen.storyboard */,
				39831BEB1CD5FB7000185350 /* Info.plist */,
			);
			path = PingConverter;
			sourceTree = "<group>";
		};
/* End PBXGroup section */

/* Begin PBXNativeTarget section */
		39831BDB1CD5FB7000185350 /* PingConverter */ = {
			isa = PBXNativeTarget;
			buildConfigurationList = 39831BEE1CD5FB7000185350 /* Build configuration list for PBXNativeTarget "PingConverter" */;
			buildPhases = (
				39831BD81CD5FB7000185350 /* Sources */,
				39831BD91CD5FB7000185350 /* Frameworks */,
				39831BDA1CD5FB7000185350 /* Resources */,
			);
			buildRules = (
			);
			dependencies = (
			);
			name = PingConverter;
			productName = PingConverter;
			productReference = 39831BDC1CD5FB7000185350 /* PingConverter.app */;
			productType = "com.apple.product-type.application";
		};
/* End PBXNativeTarget section */

/* Begin PBXProject section */
		39831BD41CD5FB7000185350 /* Project object */ = {
			isa = PBXProject;
			attributes = {
				LastSwiftUpdateCheck = 0730;
				LastUpgradeCheck = 0730;
				ORGANIZATIONNAME = "Senseable Studio";
				TargetAttributes = {
					39831BDB1CD5FB7000185350 = {
						CreatedOnToolsVersion = 7.3;
						DevelopmentTeam = 44ZU98FAPB;
						SystemCapabilities = {
							com.apple.BackgroundModes = {
								enabled = 1;
							};
						};
					};
				};
			};
			buildConfigurationList = 39831BD71CD5FB7000185350 /* Build configuration list for PBXProject "PingConverter" */;
			compatibilityVersion = "Xcode 3.2";
			developmentRegion = English;
			hasScannedForEncodings = 0;
			knownRegions = (
				en,
				Base,
			);
			mainGroup = 39831BD31CD5FB7000185350;
			productRefGroup = 39831BDD1CD5FB7000185350 /* Products */;
			projectDirPath = "";
			projectRoot = "";
			targets = (
				39831BDB1CD5FB7000185350 /* PingConverter */,
			);
		};
/* End PBXProject section */

/* Begin PBXResourcesBuildPhase section */
		39831BDA1CD5FB7000185350 /* Resources */ = {
			isa = PBXResourcesBuildPhase;
			buildActionMask = 2147483647;
			files = (
				39831BEA1CD5FB7000185350 /* LaunchScreen.storyboard in Resources */,
				39831BE71CD5FB7000185350 /* Assets.xcassets in Resources */,
				39831BE51CD5FB7000185350 /* Main.storyboard in Resources */,
			);
			runOnlyForDeploymentPostprocessing = 0;
		};
/* End PBXResourcesBuildPhase section */

/* Begin PBXSourcesBuildPhase section */
		39831BD81CD5FB7000185350 /* Sources */ = {
			isa = PBXSourcesBuildPhase;
			buildActionMask = 2147483647;
			files = (
				39831BE21CD5FB7000185350 /* ViewController.swift in Sources */,
				39831BE01CD5FB7000185350 /* AppDelegate.swift in Sources */,
			);
			runOnlyForDeploymentPostprocessing = 0;
		};
/* End PBXSourcesBuildPhase section */

/* Begin PBXVariantGroup section */
		39831BE31CD5FB7000185350 /* Main.storyboard */ = {
			isa = PBXVariantGroup;
			children = (
				39831BE41CD5FB7000185350 /* Base */,
			);
			name = Main.storyboard;
			sourceTree = "<group>";
		};
		39831BE81CD5FB7000185350 /* LaunchScreen.storyboard */ = {
			isa = PBXVariantGroup;
			children = (
				39831BE91CD5FB7000185350 /* Base */,
			);
			name = LaunchScreen.storyboard;
			sourceTree = "<group>";
		};
/* End PBXVariantGroup section */

/* Begin XCBuildConfiguration section */
		39831BEC1CD5FB7000185350 /* Debug */ = {
			isa = XCBuildConfiguration;
			buildSettings = {
				ALWAYS_SEARCH_USER_PATHS = NO;
				CLANG_ANALYZER_NONNULL = YES;
				CLANG_CXX_LANGUAGE_STANDARD = "gnu++0x";
				CLANG_CXX_LIBRARY = "libc++";
				CLANG_ENABLE_MODULES = YES;
				CLANG_ENABLE_OBJC_ARC = YES;
				CLANG_WARN_BOOL_CONVERSION = YES;
				CLANG_WARN_CONSTANT_CONVERSION = YES;
				CLANG_WARN_DIRECT_OBJC_ISA_USAGE = YES_ERROR;
				CLANG_WARN_EMPTY_BODY = YES;
				CLANG_WARN_ENUM_CONVERSION = YES;
				CLANG_WARN_INT_CONVERSION = YES;
				CLANG_WARN_OBJC_ROOT_CLASS = YES_ERROR;
				CLANG_WARN_UNREACHABLE_CODE = YES;
				CLANG_WARN__DUPLICATE_METHOD_MATCH = YES;
				"CODE_SIGN_IDENTITY[sdk=iphoneos*]" = "iPhone Developer";
				COPY_PHASE_STRIP = NO;
				DEBUG_INFORMATION_FORMAT = dwarf;
				ENABLE_STRICT_OBJC_MSGSEND = YES;
				ENABLE_TESTABILITY = YES;
				GCC_C_LANGUAGE_STANDARD = gnu99;
				GCC_DYNAMIC_NO_PIC = NO;
				GCC_NO_COMMON_BLOCKS = YES;
				GCC_OPTIMIZATION_LEVEL = 0;
				GCC_PREPROCESSOR_DEFINITIONS = (
					"DEBUG=1",
					"$(inherited)",
				);
				GCC_WARN_64_TO_32_BIT_CONVERSION = YES;
				GCC_WARN_ABOUT_RETURN_TYPE = YES_ERROR;
				GCC_WARN_UNDECLARED_SELECTOR = YES;
				GCC_WARN_UNINITIALIZED_AUTOS = YES_AGGRESSIVE;
				GCC_WARN_UNUSED_FUNCTION = YES;
				GCC_WARN_UNUSED_VARIABLE = YES;
				IPHONEOS_DEPLOYMENT_TARGET = 9.3;
				MTL_ENABLE_DEBUG_INFO = YES;
				ONLY_ACTIVE_ARCH = YES;
				SDKROOT = iphoneos;
				SWIFT_OPTIMIZATION_LEVEL = "-Onone";
			};
			name = Debug;
		};
		39831BED1CD5FB7000185350 /* Release */ = {
			isa = XCBuildConfiguration;
			buildSettings = {
				ALWAYS_SEARCH_USER_PATHS = NO;
				CLANG_ANALYZER_NONNULL = YES;
				CLANG_CXX_LANGUAGE_STANDARD = "gnu++0x";
				CLANG_CXX_LIBRARY = "libc++";
				CLANG_ENABLE_MODULES = YES;
				CLANG_ENABLE_OBJC_ARC = YES;
				CLANG_WARN_BOOL_CONVERSION = YES;
				CLANG_WARN_CONSTANT_CONVERSION = YES;
				CLANG_WARN_DIRECT_OBJC_ISA_USAGE = YES_ERROR;
				CLANG_WARN_EMPTY_BODY = YES;
				CLANG_WARN_ENUM_CONVERSION = YES;
				CLANG_WARN_INT_CONVERSION = YES;
				CLANG_WARN_OBJC_ROOT_CLASS = YES_ERROR;
				CLANG_WARN_UNREACHABLE_CODE = YES;
				CLANG_WARN__DUPLICATE_METHOD_MATCH = YES;
				"CODE_SIGN_IDENTITY[sdk=iphoneos*]" = "iPhone Developer";
				COPY_PHASE_STRIP = NO;
				DEBUG_INFORMATION_FORMAT = "dwarf-with-dsym";
				ENABLE_NS_ASSERTIONS = NO;
				ENABLE_STRICT_OBJC_MSGSEND = YES;
				GCC_C_LANGUAGE_STANDARD = gnu99;
				GCC_NO_COMMON_BLOCKS = YES;
				GCC_WARN_64_TO_32_BIT_CONVERSION = YES;
				GCC_WARN_ABOUT_RETURN_TYPE = YES_ERROR;
				GCC_WARN_UNDECLARED_SELECTOR = YES;
				GCC_WARN_UNINITIALIZED_AUTOS = YES_AGGRESSIVE;
				GCC_WARN_UNUSED_FUNCTION = YES;
				GCC_WARN_UNUSED_VARIABLE = YES;
				IPHONEOS_DEPLOYMENT_TARGET = 9.3;
				MTL_ENABLE_DEBUG_INFO = NO;
				SDKROOT = iphoneos;
				VALIDATE_PRODUCT = YES;
			};
			name = Release;
		};
		39831BEF1CD5FB7000185350 /* Debug */ = {
			isa = XCBuildConfiguration;
			buildSettings = {
				ASSETCATALOG_COMPILER_APPICON_NAME = AppIcon;
				INFOPLIST_FILE = PingConverter/Info.plist;
				LD_RUNPATH_SEARCH_PATHS = "$(inherited) @executable_path/Frameworks";
				PRODUCT_BUNDLE_IDENTIFIER = com.senseablestudio.ceo.PingConverter;
				PRODUCT_NAME = "$(TARGET_NAME)";
			};
			name = Debug;
		};
		39831BF01CD5FB7000185350 /* Release */ = {
			isa = XCBuildConfiguration;
			buildSettings = {
				ASSETCATALOG_COMPILER_APPICON_NAME = AppIcon;
				INFOPLIST_FILE = PingConverter/Info.plist;
				LD_RUNPATH_SEARCH_PATHS = "$(inherited) @executable_path/Frameworks";
				PRODUCT_BUNDLE_IDENTIFIER = com.senseablestudio.ceo.PingConverter;
				PRODUCT_NAME = "$(TARGET_NAME)";
			};
			name = Release;
		};
/* End XCBuildConfiguration section */

/* Begin XCConfigurationList section */
		39831BD71CD5FB7000185350 /* Build configuration list for PBXProject "PingConverter" */ = {
			isa = XCConfigurationList;
			buildConfigurations = (
				39831BEC1CD5FB7000185350 /* Debug */,
				39831BED1CD5FB7000185350 /* Release */,
			);
			defaultConfigurationIsVisible = 0;
			defaultConfigurationName = Release;
		};
		39831BEE1CD5FB7000185350 /* Build configuration list for PBXNativeTarget "PingConverter" */ = {
			isa = XCConfigurationList;
			buildConfigurations = (
				39831BEF1CD5FB7000185350 /* Debug */,
				39831BF01CD5FB7000185350 /* Release */,
			);
			defaultConfigurationIsVisible = 0;
			defaultConfigurationName = Release;
		};
/* End XCConfigurationList section */
	};
	rootObject = 39831BD41CD5FB7000185350 /* Project object */;
}
